
Microsoft Visual Studio Solution File, Format Version 12.00
# Visual Studio 2012
Project("{FAE04EC0-301F-11D3-BF4B-00C04F79EFBC}") = "gicmart", "gicmart\gicmart.csproj", "{DE25764C-D469-4550-9A02-4CC1B0167387}"
EndProject
Global
	GlobalSection(SolutionConfigurationPlatforms) = preSolution
		Debug|Any CPU = Debug|Any CPU
		Release|Any CPU = Release|Any CPU
	EndGlobalSection
	GlobalSection(ProjectConfigurationPlatforms) = postSolution
		{DE25764C-D469-4550-9A02-4CC1B0167387}.Debug|Any CPU.ActiveCfg = Debug|Any CPU
		{DE25764C-D469-4550-9A02-4CC1B0167387}.Debug|Any CPU.Build.0 = Debug|Any CPU
		{DE25764C-D469-4550-9A02-4CC1B0167387}.Release|Any CPU.ActiveCfg = Release|Any CPU
		{DE25764C-D469-4550-9A02-4CC1B0167387}.Release|Any CPU.Build.0 = Release|Any CPU
	EndGlobalSection
	GlobalSection(SolutionProperties) = preSolution
		HideSolutionNode = FALSE
	EndGlobalSection
EndGlobal
